
Microsoft Visual Studio Solution File, Format Version 12.00
# Visual Studio Version 16
VisualStudioVersion = 16.0.31019.35
MinimumVisualStudioVersion = 10.0.40219.1
Project("{FAE04EC0-301F-11D3-BF4B-00C04F79EFBC}") = "Day_22_IndianStateCensusAnalyzer", "Day_22_IndianStateCensusAnalyzer\Day_22_IndianStateCensusAnalyzer.csproj", "{AE11BE26-34D5-465D-AB68-2FCF46CE5725}"
EndProject
Project("{FAE04EC0-301F-11D3-BF4B-00C04F79EFBC}") = "CensualAnalyserTest", "CensualAnalyserTest\CensualAnalyserTest.csproj", "{8821FECF-6B9B-4A04-B795-BF97A2C5620D}"
EndProject
Global
	GlobalSection(SolutionConfigurationPlatforms) = preSolution
		Debug|Any CPU = Debug|Any CPU
		Release|Any CPU = Release|Any CPU
	EndGlobalSection
	GlobalSection(ProjectConfigurationPlatforms) = postSolution
		{AE11BE26-34D5-465D-AB68-2FCF46CE5725}.Debug|Any CPU.ActiveCfg = Debug|Any CPU
		{AE11BE26-34D5-465D-AB68-2FCF46CE5725}.Debug|Any CPU.Build.0 = Debug|Any CPU
		{AE11BE26-34D5-465D-AB68-2FCF46CE5725}.Release|Any CPU.ActiveCfg = Release|Any CPU
		{AE11BE26-34D5-465D-AB68-2FCF46CE5725}.Release|Any CPU.Build.0 = Release|Any CPU
		{8821FECF-6B9B-4A04-B795-BF97A2C5620D}.Debug|Any CPU.ActiveCfg = Debug|Any CPU
		{8821FECF-6B9B-4A04-B795-BF97A2C5620D}.Debug|Any CPU.Build.0 = Debug|Any CPU
		{8821FECF-6B9B-4A04-B795-BF97A2C5620D}.Release|Any CPU.ActiveCfg = Release|Any CPU
		{8821FECF-6B9B-4A04-B795-BF97A2C5620D}.Release|Any CPU.Build.0 = Release|Any CPU
	EndGlobalSection
	GlobalSection(SolutionProperties) = preSolution
		HideSolutionNode = FALSE
	EndGlobalSection
	GlobalSection(ExtensibilityGlobals) = postSolution
		SolutionGuid = {7C0F0DF7-3FF8-4DF1-A0FB-1BD372EEDEB0}
	EndGlobalSection
EndGlobal
